{
  "requires": true,
  "lockfileVersion": 1,
  "dependencies": {
    "@ngrx/core": {
      "version": "1.2.0",
      "resolved": "https://registry.npmjs.org/@ngrx/core/-/core-1.2.0.tgz",
      "integrity": "sha1-iCtGq6+i4ObYh8txobLC+j5tDcY="
    },
    "@ngrx/effects": {
      "version": "8.2.0",
      "resolved": "https://registry.npmjs.org/@ngrx/effects/-/effects-8.2.0.tgz",
      "integrity": "sha512-eVho/YNHFDL3fo0Pb24GduU2OUHIEaUQjBBP/WlXO66QdqM9gXPJeEviWzA9RaC1tEu4sAZ0OYP1pP++CCn6Uw=="
    },
    "@ngrx/router-store": {
      "version": "8.2.0",
      "resolved": "https://registry.npmjs.org/@ngrx/router-store/-/router-store-8.2.0.tgz",
      "integrity": "sha512-WkSeutjx44V1jKAa9N6LNVJk7seS4dpKC09OpnDNipu7ssIhEtW8QXplJ2t5VIU+JknAzWZOk5IYqhfxHjJnNA=="
    },
    "@ngrx/store": {
      "version": "8.2.0",
      "resolved": "https://registry.npmjs.org/@ngrx/store/-/store-8.2.0.tgz",
      "integrity": "sha512-RTmg7WstMhxEIWxtcK1dC4i/3OQeS11ilosQjmZyiRcbRQzvBMZqQzNdpwb5yL6rEQ19Cka/QEWm2sd2USzHeA=="
    },
    "@ngrx/store-devtools": {
      "version": "8.2.0",
      "resolved": "https://registry.npmjs.org/@ngrx/store-devtools/-/store-devtools-8.2.0.tgz",
      "integrity": "sha512-zNz9B641Jz8cGqaO6M7myXLkYDEUrdnLipzHuvn/dxbswxJrcaWsGUbb+5cCXCzbcoy2c8DKEHouFqPwKX86WQ=="
    }
  }
}
